{
  "name": "soundq-examples",
  "version": "0.0.1",
  "lockfileVersion": 1,
  "requires": true,
  "dependencies": {
    "ajv": {
      "version": "6.5.1",
      "resolved": "https://registry.npmjs.org/ajv/-/ajv-6.5.1.tgz",
      "integrity": "sha512-pgZos1vgOHDiC7gKNbZW8eKvCnNXARv2oqrGQT7Hzbq5Azp7aZG6DJzADnkuSq7RH6qkXp4J/m68yPX/2uBHyQ==",
      "dev": true,
      "requires": {
        "fast-deep-equal": "^2.0.1",
        "fast-json-stable-stringify": "^2.0.0",
        "json-schema-traverse": "^0.4.1",
        "uri-js": "^4.2.1"
      }
    },
    "ajv-keywords": {
      "version": "3.2.0",
      "resolved": "https://registry.npmjs.org/ajv-keywords/-/ajv-keywords-3.2.0.tgz",
      "integrity": "sha1-6GuBnGAs+IIa1jdBNpjx3sAhhHo=",
      "dev": true
    },
    "async-array-buffer": {
      "version": "1.1.57",
      "resolved": "https://registry.npmjs.org/async-array-buffer/-/async-array-buffer-1.1.57.tgz",
      "integrity": "sha512-xcAld5lIix9hOg2uyYD4POZqdKxA8rpAncLvknYv+lbIKEy8a1b5brKTW1+UUMPjvJkT3ZXcU555LTSQGnK6xQ==",
      "requires": {
        "async-array-buffer-broker": "^2.0.44",
        "async-array-buffer-worker": "^3.0.39",
        "babel-runtime": "^6.26.0",
        "tslib": "^1.9.3"
      }
    },
    "async-array-buffer-broker": {
      "version": "2.0.44",
      "resolved": "https://registry.npmjs.org/async-array-buffer-broker/-/async-array-buffer-broker-2.0.44.tgz",
      "integrity": "sha512-NS3WkL1wed1Tg0FtClWrXDXUeGqheFTyvVR0BmgfGH/+eui4g1gIczMUb3wrZ1VGFoSbOwVGYKQFMm78FBmwjg==",
      "requires": {
        "async-array-buffer-worker": "^3.0.39",
        "babel-runtime": "^6.26.0",
        "broker-factory": "^1.3.3",
        "fast-unique-numbers": "^2.1.0",
        "tslib": "^1.9.3"
      }
    },
    "async-array-buffer-worker": {
      "version": "3.0.39",
      "resolved": "https://registry.npmjs.org/async-array-buffer-worker/-/async-array-buffer-worker-3.0.39.tgz",
      "integrity": "sha512-F0Z6Ns1KVlgSxA+/WqzJxhFLvGM7R2Ip7zXJjQH4/vJDQQlqTQHoAr6aP5X4DEgdhEDNv98KXwtFKJYx3Imiuw==",
      "requires": {
        "babel-runtime": "^6.26.0",
        "tslib": "^1.9.3",
        "worker-factory": "^2.5.2"
      }
    },
    "babel-runtime": {
      "version": "6.26.0",
      "resolved": "https://registry.npmjs.org/babel-runtime/-/babel-runtime-6.26.0.tgz",
      "integrity": "sha1-llxwWGaOgrVde/4E/yM3vItWR/4=",
      "requires": {
        "core-js": "^2.4.0",
        "regenerator-runtime": "^0.11.0"
      }
    },
    "big.js": {
      "version": "3.2.0",
      "resolved": "https://registry.npmjs.org/big.js/-/big.js-3.2.0.tgz",
      "integrity": "sha512-+hN/Zh2D08Mx65pZ/4g5bsmNiZUuChDiQfTUQ7qJr4/kuopCr88xZsAXv6mBoZEsUI4OuGHlX59qE94K2mMW8Q==",
      "dev": true
    },
    "broker-factory": {
      "version": "1.3.3",
      "resolved": "https://registry.npmjs.org/broker-factory/-/broker-factory-1.3.3.tgz",
      "integrity": "sha512-fnx11AvKMH3LyRgglRxhR3pzHu21E7sTkAD3nAfyBr1dq2Fy8OvbBpyMPG7cEipY9WhygZjuCdthem6sgKvsag==",
      "requires": {
        "babel-runtime": "^6.26.0",
        "fast-unique-numbers": "^2.1.0",
        "tslib": "^1.9.3",
        "worker-factory": "^2.5.2"
      }
    },
    "compilerr": {
      "version": "5.0.5",
      "resolved": "https://registry.npmjs.org/compilerr/-/compilerr-5.0.5.tgz",
      "integrity": "sha512-5+hnqbpGoBZvIjoaaKH9JXFHrd2kSPB/4hMS142CVCWXDN3HVyeK7qSOlVC1jWAV2viDjoU62xuFtwx9lLa3kg==",
      "requires": {
        "babel-runtime": "^6.26.0",
        "dashify": "^1.0.0",
        "indefinite-article": "0.0.2",
        "tslib": "^1.9.3"
      }
    },
    "core-js": {
      "version": "2.5.7",
      "resolved": "https://registry.npmjs.org/core-js/-/core-js-2.5.7.tgz",
      "integrity": "sha512-RszJCAxg/PP6uzXVXL6BsxSXx/B05oJAQ2vkJRjyjrEcNVycaqOmNb5OTxZPE3xa5gwZduqza6L9JOCenh/Ecw=="
    },
    "dashify": {
      "version": "1.0.0",
      "resolved": "https://registry.npmjs.org/dashify/-/dashify-1.0.0.tgz",
      "integrity": "sha512-3uyC9AzRYm/9u2nqD8BpIBKsvHg/OfW3FLKS97mJPil2KzFNHgKta3yL2NfzMDY+0ArSLbKfgNXhgq0FyjOhoA=="
    },
    "draw-wave": {
      "version": "2.0.0",
      "resolved": "https://registry.npmjs.org/draw-wave/-/draw-wave-2.0.0.tgz",
      "integrity": "sha1-pLBZ8xuxruCTSHqL3PB3+wI+e68=",
      "requires": {
        "svg-create-element": "^1.0.0"
      }
    },
    "emojis-list": {
      "version": "2.1.0",
      "resolved": "https://registry.npmjs.org/emojis-list/-/emojis-list-2.1.0.tgz",
      "integrity": "sha1-TapNnbAPmBmIDHn6RXrlsJof04k=",
      "dev": true
    },
    "fast-deep-equal": {
      "version": "2.0.1",
      "resolved": "https://registry.npmjs.org/fast-deep-equal/-/fast-deep-equal-2.0.1.tgz",
      "integrity": "sha1-ewUhjd+WZ79/Nwv3/bLLFf3Qqkk=",
      "dev": true
    },
    "fast-json-stable-stringify": {
      "version": "2.0.0",
      "resolved": "https://registry.npmjs.org/fast-json-stable-stringify/-/fast-json-stable-stringify-2.0.0.tgz",
      "integrity": "sha1-1RQsDK7msRifh9OnYREGT4bIu/I=",
      "dev": true
    },
    "fast-unique-numbers": {
      "version": "2.1.0",
      "resolved": "https://registry.npmjs.org/fast-unique-numbers/-/fast-unique-numbers-2.1.0.tgz",
      "integrity": "sha512-yLRB1oInaXgrzRntDeXeuBJ5F2XuttA45IAqAw3uqo0gL9FLzVyXDaZk4BbrX9o/yB/cfHEpHlTgqcFnlo920w==",
      "requires": {
        "babel-runtime": "^6.26.0",
        "tslib": "^1.9.3"
      }
    },
    "has": {
      "version": "0.0.1",
      "resolved": "https://registry.npmjs.org/has/-/has-0.0.1.tgz",
      "integrity": "sha1-ZmOcFOr1WfE52ivg5DiRDvP9Wxs="
    },
    "hoek": {
      "version": "4.2.1",
      "resolved": "https://registry.npmjs.org/hoek/-/hoek-4.2.1.tgz",
      "integrity": "sha512-QLg82fGkfnJ/4iy1xZ81/9SIJiq1NGFUMGs6ParyjBZr6jW2Ufj/snDqTHixNlHdPNwN2RLVD0Pi3igeK9+JfA==",
      "dev": true
    },
    "indefinite-article": {
      "version": "0.0.2",
      "resolved": "https://registry.npmjs.org/indefinite-article/-/indefinite-article-0.0.2.tgz",
      "integrity": "sha1-S8hVJXBmz6th6mi+unXRANbiUGs="
    },
    "json-schema-traverse": {
      "version": "0.4.1",
      "resolved": "https://registry.npmjs.org/json-schema-traverse/-/json-schema-traverse-0.4.1.tgz",
      "integrity": "sha512-xbbCH5dCYU5T8LcEhhuh7HJ88HXuW3qsI3Y0zOZFKfZEHcpWiHU/Jxzk629Brsab/mMiHQti9wMP+845RPe3Vg==",
      "dev": true
    },
    "json5": {
      "version": "0.5.1",
      "resolved": "https://registry.npmjs.org/json5/-/json5-0.5.1.tgz",
      "integrity": "sha1-Hq3nrMASA0rYTiOWdn6tn6VJWCE=",
      "dev": true
    },
    "loader-utils": {
      "version": "1.1.0",
      "resolved": "https://registry.npmjs.org/loader-utils/-/loader-utils-1.1.0.tgz",
      "integrity": "sha1-yYrvSIvM7aL/teLeZG1qdUQp9c0=",
      "dev": true,
      "requires": {
        "big.js": "^3.1.3",
        "emojis-list": "^2.0.0",
        "json5": "^0.5.0"
      }
    },
    "punycode": {
      "version": "2.1.1",
      "resolved": "https://registry.npmjs.org/punycode/-/punycode-2.1.1.tgz",
      "integrity": "sha512-XRsRjdf+j5ml+y/6GKHPZbrF/8p2Yga0JPtdqTIY2Xe5ohJPD9saDJJLPvp9+NSBprVvevdXZybnj2cv8OEd0A==",
      "dev": true
    },
    "regenerator-runtime": {
      "version": "0.11.1",
      "resolved": "https://registry.npmjs.org/regenerator-runtime/-/regenerator-runtime-0.11.1.tgz",
      "integrity": "sha512-MguG95oij0fC3QV3URf4V2SDYGJhJnJGqvIIgdECeODCT98wSWDAJ94SSuVpYQUoTcGUIL6L4yNB7j1DFFHSBg=="
    },
    "schema-utils": {
      "version": "0.4.5",
      "resolved": "https://registry.npmjs.org/schema-utils/-/schema-utils-0.4.5.tgz",
      "integrity": "sha512-yYrjb9TX2k/J1Y5UNy3KYdZq10xhYcF8nMpAW6o3hy6Q8WSIEf9lJHG/ePnOBfziPM3fvQwfOwa13U/Fh8qTfA==",
      "dev": true,
      "requires": {
        "ajv": "^6.1.0",
        "ajv-keywords": "^3.1.0"
      }
    },
    "standardized-audio-context": {
      "version": "14.0.1",
      "resolved": "https://registry.npmjs.org/standardized-audio-context/-/standardized-audio-context-14.0.1.tgz",
      "integrity": "sha512-hWWnJMknSI8RTvZaszXWJhUV6UjmMrrpUhWXG89w2oetpExr+cPPL9fV64jYHpe61eH2FBHgVwrPHTB9zlTZhQ==",
      "requires": {
        "async-array-buffer": "^1.1.57",
        "babel-runtime": "^6.26.0",
        "tslib": "^1.9.3"
      }
    },
    "svg-create-element": {
      "version": "1.0.0",
      "resolved": "https://registry.npmjs.org/svg-create-element/-/svg-create-element-1.0.0.tgz",
      "integrity": "sha1-W9ZchVKQBXCNsEqpPr0YnG9+Np8=",
      "requires": {
        "has": "~0.0.1"
      }
    },
    "tslib": {
      "version": "1.9.3",
      "resolved": "https://registry.npmjs.org/tslib/-/tslib-1.9.3.tgz",
      "integrity": "sha512-4krF8scpejhaOgqzBEcGM7yDIEfi0/8+8zDRZhNZZ2kjmHJ4hv3zCbQWxoJGz1iw5U0Jl0nma13xzHXcncMavQ=="
    },
    "uil": {
      "version": "1.0.1",
      "resolved": "https://registry.npmjs.org/uil/-/uil-1.0.1.tgz",
      "integrity": "sha1-cgMV9vQ3SVfcQrYhdvmPkRVgDZU="
    },
    "uri-js": {
      "version": "4.2.2",
      "resolved": "https://registry.npmjs.org/uri-js/-/uri-js-4.2.2.tgz",
      "integrity": "sha512-KY9Frmirql91X2Qgjry0Wd4Y+YTdrdZheS8TFwvkbLWf/G5KNJDCh6pKL5OZctEW4+0Baa5idK2ZQuELRwPznQ==",
      "dev": true,
      "requires": {
        "punycode": "^2.1.0"
      }
    },
    "wav-encoder": {
      "version": "1.3.0",
      "resolved": "https://registry.npmjs.org/wav-encoder/-/wav-encoder-1.3.0.tgz",
      "integrity": "sha512-FXJdEu2qDOI+wbVYZpu21CS1vPEg5NaxNskBr4SaULpOJMrLE6xkH8dECa7PiS+ZoeyvP7GllWUAxPN3AvFSEw=="
    },
    "worker-factory": {
      "version": "2.5.2",
      "resolved": "https://registry.npmjs.org/worker-factory/-/worker-factory-2.5.2.tgz",
      "integrity": "sha512-EIoDvl44/1rIMuGPF4bbk1HOOLj10unG2e189e7y/VWoKMeFZbxIGcw30qna46WUd0llqBvwsHyOKf86InHBNA==",
      "requires": {
        "babel-runtime": "^6.26.0",
        "compilerr": "^5.0.5",
        "fast-unique-numbers": "^2.1.0",
        "tslib": "^1.9.3"
      }
    },
    "worklet-loader": {
      "version": "1.0.0",
      "resolved": "https://registry.npmjs.org/worklet-loader/-/worklet-loader-1.0.0.tgz",
      "integrity": "sha512-4yFqiGDwICoJB4ZbWHzCzyTyDrRnCU1XfvSJtjiBBDreuWDYpA6wf8yqQjNckcjL1jm/sT9ocSvP5tJnmsMOLA==",
      "dev": true,
      "requires": {
        "hoek": "^4.2.1",
        "loader-utils": "^1.0.0",
        "schema-utils": "^0.4.0"
      }
    }
  }
}
